
Microsoft Visual Studio Solution File, Format Version 12.00
# Visual Studio Version 17
VisualStudioVersion = 17.1.32210.238
MinimumVisualStudioVersion = 10.0.40219.1
Project("{FAE04EC0-301F-11D3-BF4B-00C04F79EFBC}") = "TEst", "TEst\TEst.csproj", "{31F79117-4F29-48FF-9D8D-D84C01DA6794}"
EndProject
Global
	GlobalSection(SolutionConfigurationPlatforms) = preSolution
		Debug|Any CPU = Debug|Any CPU
		Release|Any CPU = Release|Any CPU
	EndGlobalSection
	GlobalSection(ProjectConfigurationPlatforms) = postSolution
		{31F79117-4F29-48FF-9D8D-D84C01DA6794}.Debug|Any CPU.ActiveCfg = Debug|Any CPU
		{31F79117-4F29-48FF-9D8D-D84C01DA6794}.Debug|Any CPU.Build.0 = Debug|Any CPU
		{31F79117-4F29-48FF-9D8D-D84C01DA6794}.Release|Any CPU.ActiveCfg = Release|Any CPU
		{31F79117-4F29-48FF-9D8D-D84C01DA6794}.Release|Any CPU.Build.0 = Release|Any CPU
	EndGlobalSection
	GlobalSection(SolutionProperties) = preSolution
		HideSolutionNode = FALSE
	EndGlobalSection
	GlobalSection(ExtensibilityGlobals) = postSolution
		SolutionGuid = {14857BB1-7D02-4D32-9BEA-F89416DC3005}
	EndGlobalSection
EndGlobal
