
Microsoft Visual Studio Solution File, Format Version 12.00
# Visual Studio Version 17
VisualStudioVersion = 17.1.32210.238
MinimumVisualStudioVersion = 10.0.40219.1
Project("{FAE04EC0-301F-11D3-BF4B-00C04F79EFBC}") = "4weeks", "4weeks\4weeks.csproj", "{5DC9ECFD-9D48-4B7C-B79B-AA8A469FB837}"
EndProject
Global
	GlobalSection(SolutionConfigurationPlatforms) = preSolution
		Debug|Any CPU = Debug|Any CPU
		Release|Any CPU = Release|Any CPU
	EndGlobalSection
	GlobalSection(ProjectConfigurationPlatforms) = postSolution
		{5DC9ECFD-9D48-4B7C-B79B-AA8A469FB837}.Debug|Any CPU.ActiveCfg = Debug|Any CPU
		{5DC9ECFD-9D48-4B7C-B79B-AA8A469FB837}.Debug|Any CPU.Build.0 = Debug|Any CPU
		{5DC9ECFD-9D48-4B7C-B79B-AA8A469FB837}.Release|Any CPU.ActiveCfg = Release|Any CPU
		{5DC9ECFD-9D48-4B7C-B79B-AA8A469FB837}.Release|Any CPU.Build.0 = Release|Any CPU
	EndGlobalSection
	GlobalSection(SolutionProperties) = preSolution
		HideSolutionNode = FALSE
	EndGlobalSection
	GlobalSection(ExtensibilityGlobals) = postSolution
		SolutionGuid = {D9B11EE7-AF06-4528-9F58-D66EF7C91EE6}
	EndGlobalSection
EndGlobal
